
Microsoft Visual Studio Solution File, Format Version 12.00
# Visual Studio 14
VisualStudioVersion = 14.0.24720.0
MinimumVisualStudioVersion = 10.0.40219.1
Project("{8BC9CEB8-8B4A-11D0-8D11-00A0C91BC942}") = "gtest", "gtest\gtest.vcxproj", "{9A63024F-4E6B-4693-979A-FD1B51F98C7A}"
EndProject
Project("{8BC9CEB8-8B4A-11D0-8D11-00A0C91BC942}") = "dheap_lib", "dheap_lib\dheap_lib.vcxproj", "{DF334397-113E-48F9-A89E-8100592276B8}"
EndProject
Project("{8BC9CEB8-8B4A-11D0-8D11-00A0C91BC942}") = "graph_lib", "graph_lib\graph_lib.vcxproj", "{1BDA9B94-682E-4D84-8E0D-78AE812683C5}"
EndProject
Project("{8BC9CEB8-8B4A-11D0-8D11-00A0C91BC942}") = "sample", "graph_sample\graph_sample.vcxproj", "{B04D7EFA-4468-4105-9884-C50739291303}"
	ProjectSection(ProjectDependencies) = postProject
		{1BDA9B94-682E-4D84-8E0D-78AE812683C5} = {1BDA9B94-682E-4D84-8E0D-78AE812683C5}
		{DF334397-113E-48F9-A89E-8100592276B8} = {DF334397-113E-48F9-A89E-8100592276B8}
	EndProjectSection
EndProject
Project("{8BC9CEB8-8B4A-11D0-8D11-00A0C91BC942}") = "lab_tests", "lab_tests\lab_tests.vcxproj", "{1D79EF6B-D1D2-4D39-A3DD-3A13A69F2829}"
	ProjectSection(ProjectDependencies) = postProject
		{985A8516-AA8F-485E-9ECD-D499A216ADC8} = {985A8516-AA8F-485E-9ECD-D499A216ADC8}
		{271C0E39-3BB6-43EE-BBFF-FC1218E486B7} = {271C0E39-3BB6-43EE-BBFF-FC1218E486B7}
		{7309273F-4763-4264-89B0-BAE989CC524D} = {7309273F-4763-4264-89B0-BAE989CC524D}
		{9A63024F-4E6B-4693-979A-FD1B51F98C7A} = {9A63024F-4E6B-4693-979A-FD1B51F98C7A}
		{D2768D77-6EDB-4C25-A025-CCF7889B113F} = {D2768D77-6EDB-4C25-A025-CCF7889B113F}
		{1BDA9B94-682E-4D84-8E0D-78AE812683C5} = {1BDA9B94-682E-4D84-8E0D-78AE812683C5}
		{DF334397-113E-48F9-A89E-8100592276B8} = {DF334397-113E-48F9-A89E-8100592276B8}
		{2BDD77DC-59BB-4ECE-A44E-F2B75C063307} = {2BDD77DC-59BB-4ECE-A44E-F2B75C063307}
		{2C4544E5-48A3-403A-82D7-5BF4F095297D} = {2C4544E5-48A3-403A-82D7-5BF4F095297D}
	EndProjectSection
EndProject
Project("{8BC9CEB8-8B4A-11D0-8D11-00A0C91BC942}") = "bin_tree_lib", "bin_tree_lib\bin_tree_lib.vcxproj", "{C4311259-4C3F-4DEB-A02C-B4AD594C5318}"
EndProject
Project("{8BC9CEB8-8B4A-11D0-8D11-00A0C91BC942}") = "table_lib", "Table\Table.vcxproj", "{D2768D77-6EDB-4C25-A025-CCF7889B113F}"
EndProject
Project("{8BC9CEB8-8B4A-11D0-8D11-00A0C91BC942}") = "tab_rec_lib", "TabRecord\TabRecord.vcxproj", "{985A8516-AA8F-485E-9ECD-D499A216ADC8}"
EndProject
Project("{8BC9CEB8-8B4A-11D0-8D11-00A0C91BC942}") = "sort_tab_lib", "Sortable\Sortable.vcxproj", "{2BDD77DC-59BB-4ECE-A44E-F2B75C063307}"
	ProjectSection(ProjectDependencies) = postProject
		{271C0E39-3BB6-43EE-BBFF-FC1218E486B7} = {271C0E39-3BB6-43EE-BBFF-FC1218E486B7}
	EndProjectSection
EndProject
Project("{8BC9CEB8-8B4A-11D0-8D11-00A0C91BC942}") = "scan_tab_lib", "ScanTable\ScanTable.vcxproj", "{271C0E39-3BB6-43EE-BBFF-FC1218E486B7}"
EndProject
Project("{8BC9CEB8-8B4A-11D0-8D11-00A0C91BC942}") = "hash_tab_lib", "hash_tab_lib\hash_tab_lib.vcxproj", "{7309273F-4763-4264-89B0-BAE989CC524D}"
	ProjectSection(ProjectDependencies) = postProject
		{271C0E39-3BB6-43EE-BBFF-FC1218E486B7} = {271C0E39-3BB6-43EE-BBFF-FC1218E486B7}
	EndProjectSection
EndProject
Project("{8BC9CEB8-8B4A-11D0-8D11-00A0C91BC942}") = "array_hash_tab", "array_hash_tab\array_hash_tab.vcxproj", "{2C4544E5-48A3-403A-82D7-5BF4F095297D}"
	ProjectSection(ProjectDependencies) = postProject
		{7309273F-4763-4264-89B0-BAE989CC524D} = {7309273F-4763-4264-89B0-BAE989CC524D}
	EndProjectSection
EndProject
Project("{8BC9CEB8-8B4A-11D0-8D11-00A0C91BC942}") = "methods_lib", "methods\methods.vcxproj", "{2B1120FE-507B-46CE-B008-48ACFA95A4B9}"
EndProject
Project("{8BC9CEB8-8B4A-11D0-8D11-00A0C91BC942}") = "prior_queue_lib", "prior_queue_lib\prior_queue_lib.vcxproj", "{03244F94-0D9B-4B86-B52C-E6EC6B866F1B}"
EndProject
Global
	GlobalSection(SolutionConfigurationPlatforms) = preSolution
		Debug|x64 = Debug|x64
		Debug|x86 = Debug|x86
		Release|x64 = Release|x64
		Release|x86 = Release|x86
	EndGlobalSection
	GlobalSection(ProjectConfigurationPlatforms) = postSolution
		{9A63024F-4E6B-4693-979A-FD1B51F98C7A}.Debug|x64.ActiveCfg = Debug|x64
		{9A63024F-4E6B-4693-979A-FD1B51F98C7A}.Debug|x64.Build.0 = Debug|x64
		{9A63024F-4E6B-4693-979A-FD1B51F98C7A}.Debug|x86.ActiveCfg = Debug|Win32
		{9A63024F-4E6B-4693-979A-FD1B51F98C7A}.Debug|x86.Build.0 = Debug|Win32
		{9A63024F-4E6B-4693-979A-FD1B51F98C7A}.Release|x64.ActiveCfg = Release|x64
		{9A63024F-4E6B-4693-979A-FD1B51F98C7A}.Release|x64.Build.0 = Release|x64
		{9A63024F-4E6B-4693-979A-FD1B51F98C7A}.Release|x86.ActiveCfg = Release|Win32
		{9A63024F-4E6B-4693-979A-FD1B51F98C7A}.Release|x86.Build.0 = Release|Win32
		{DF334397-113E-48F9-A89E-8100592276B8}.Debug|x64.ActiveCfg = Debug|x64
		{DF334397-113E-48F9-A89E-8100592276B8}.Debug|x64.Build.0 = Debug|x64
		{DF334397-113E-48F9-A89E-8100592276B8}.Debug|x86.ActiveCfg = Debug|Win32
		{DF334397-113E-48F9-A89E-8100592276B8}.Debug|x86.Build.0 = Debug|Win32
		{DF334397-113E-48F9-A89E-8100592276B8}.Release|x64.ActiveCfg = Release|x64
		{DF334397-113E-48F9-A89E-8100592276B8}.Release|x64.Build.0 = Release|x64
		{DF334397-113E-48F9-A89E-8100592276B8}.Release|x86.ActiveCfg = Release|Win32
		{DF334397-113E-48F9-A89E-8100592276B8}.Release|x86.Build.0 = Release|Win32
		{1BDA9B94-682E-4D84-8E0D-78AE812683C5}.Debug|x64.ActiveCfg = Debug|x64
		{1BDA9B94-682E-4D84-8E0D-78AE812683C5}.Debug|x64.Build.0 = Debug|x64
		{1BDA9B94-682E-4D84-8E0D-78AE812683C5}.Debug|x86.ActiveCfg = Debug|Win32
		{1BDA9B94-682E-4D84-8E0D-78AE812683C5}.Debug|x86.Build.0 = Debug|Win32
		{1BDA9B94-682E-4D84-8E0D-78AE812683C5}.Release|x64.ActiveCfg = Release|x64
		{1BDA9B94-682E-4D84-8E0D-78AE812683C5}.Release|x64.Build.0 = Release|x64
		{1BDA9B94-682E-4D84-8E0D-78AE812683C5}.Release|x86.ActiveCfg = Release|Win32
		{1BDA9B94-682E-4D84-8E0D-78AE812683C5}.Release|x86.Build.0 = Release|Win32
		{B04D7EFA-4468-4105-9884-C50739291303}.Debug|x64.ActiveCfg = Debug|x64
		{B04D7EFA-4468-4105-9884-C50739291303}.Debug|x64.Build.0 = Debug|x64
		{B04D7EFA-4468-4105-9884-C50739291303}.Debug|x86.ActiveCfg = Debug|Win32
		{B04D7EFA-4468-4105-9884-C50739291303}.Debug|x86.Build.0 = Debug|Win32
		{B04D7EFA-4468-4105-9884-C50739291303}.Release|x64.ActiveCfg = Release|x64
		{B04D7EFA-4468-4105-9884-C50739291303}.Release|x64.Build.0 = Release|x64
		{B04D7EFA-4468-4105-9884-C50739291303}.Release|x86.ActiveCfg = Release|Win32
		{B04D7EFA-4468-4105-9884-C50739291303}.Release|x86.Build.0 = Release|Win32
		{1D79EF6B-D1D2-4D39-A3DD-3A13A69F2829}.Debug|x64.ActiveCfg = Debug|x64
		{1D79EF6B-D1D2-4D39-A3DD-3A13A69F2829}.Debug|x64.Build.0 = Debug|x64
		{1D79EF6B-D1D2-4D39-A3DD-3A13A69F2829}.Debug|x86.ActiveCfg = Debug|Win32
		{1D79EF6B-D1D2-4D39-A3DD-3A13A69F2829}.Debug|x86.Build.0 = Debug|Win32
		{1D79EF6B-D1D2-4D39-A3DD-3A13A69F2829}.Release|x64.ActiveCfg = Release|x64
		{1D79EF6B-D1D2-4D39-A3DD-3A13A69F2829}.Release|x64.Build.0 = Release|x64
		{1D79EF6B-D1D2-4D39-A3DD-3A13A69F2829}.Release|x86.ActiveCfg = Release|Win32
		{1D79EF6B-D1D2-4D39-A3DD-3A13A69F2829}.Release|x86.Build.0 = Release|Win32
		{C4311259-4C3F-4DEB-A02C-B4AD594C5318}.Debug|x64.ActiveCfg = Debug|x64
		{C4311259-4C3F-4DEB-A02C-B4AD594C5318}.Debug|x64.Build.0 = Debug|x64
		{C4311259-4C3F-4DEB-A02C-B4AD594C5318}.Debug|x86.ActiveCfg = Debug|Win32
		{C4311259-4C3F-4DEB-A02C-B4AD594C5318}.Debug|x86.Build.0 = Debug|Win32
		{C4311259-4C3F-4DEB-A02C-B4AD594C5318}.Release|x64.ActiveCfg = Release|x64
		{C4311259-4C3F-4DEB-A02C-B4AD594C5318}.Release|x64.Build.0 = Release|x64
		{C4311259-4C3F-4DEB-A02C-B4AD594C5318}.Release|x86.ActiveCfg = Release|Win32
		{C4311259-4C3F-4DEB-A02C-B4AD594C5318}.Release|x86.Build.0 = Release|Win32
		{D2768D77-6EDB-4C25-A025-CCF7889B113F}.Debug|x64.ActiveCfg = Debug|x64
		{D2768D77-6EDB-4C25-A025-CCF7889B113F}.Debug|x64.Build.0 = Debug|x64
		{D2768D77-6EDB-4C25-A025-CCF7889B113F}.Debug|x86.ActiveCfg = Debug|Win32
		{D2768D77-6EDB-4C25-A025-CCF7889B113F}.Debug|x86.Build.0 = Debug|Win32
		{D2768D77-6EDB-4C25-A025-CCF7889B113F}.Release|x64.ActiveCfg = Release|x64
		{D2768D77-6EDB-4C25-A025-CCF7889B113F}.Release|x64.Build.0 = Release|x64
		{D2768D77-6EDB-4C25-A025-CCF7889B113F}.Release|x86.ActiveCfg = Release|Win32
		{D2768D77-6EDB-4C25-A025-CCF7889B113F}.Release|x86.Build.0 = Release|Win32
		{985A8516-AA8F-485E-9ECD-D499A216ADC8}.Debug|x64.ActiveCfg = Debug|x64
		{985A8516-AA8F-485E-9ECD-D499A216ADC8}.Debug|x64.Build.0 = Debug|x64
		{985A8516-AA8F-485E-9ECD-D499A216ADC8}.Debug|x86.ActiveCfg = Debug|Win32
		{985A8516-AA8F-485E-9ECD-D499A216ADC8}.Debug|x86.Build.0 = Debug|Win32
		{985A8516-AA8F-485E-9ECD-D499A216ADC8}.Release|x64.ActiveCfg = Release|x64
		{985A8516-AA8F-485E-9ECD-D499A216ADC8}.Release|x64.Build.0 = Release|x64
		{985A8516-AA8F-485E-9ECD-D499A216ADC8}.Release|x86.ActiveCfg = Release|Win32
		{985A8516-AA8F-485E-9ECD-D499A216ADC8}.Release|x86.Build.0 = Release|Win32
		{2BDD77DC-59BB-4ECE-A44E-F2B75C063307}.Debug|x64.ActiveCfg = Debug|x64
		{2BDD77DC-59BB-4ECE-A44E-F2B75C063307}.Debug|x64.Build.0 = Debug|x64
		{2BDD77DC-59BB-4ECE-A44E-F2B75C063307}.Debug|x86.ActiveCfg = Debug|Win32
		{2BDD77DC-59BB-4ECE-A44E-F2B75C063307}.Debug|x86.Build.0 = Debug|Win32
		{2BDD77DC-59BB-4ECE-A44E-F2B75C063307}.Release|x64.ActiveCfg = Release|x64
		{2BDD77DC-59BB-4ECE-A44E-F2B75C063307}.Release|x64.Build.0 = Release|x64
		{2BDD77DC-59BB-4ECE-A44E-F2B75C063307}.Release|x86.ActiveCfg = Release|Win32
		{2BDD77DC-59BB-4ECE-A44E-F2B75C063307}.Release|x86.Build.0 = Release|Win32
		{271C0E39-3BB6-43EE-BBFF-FC1218E486B7}.Debug|x64.ActiveCfg = Debug|x64
		{271C0E39-3BB6-43EE-BBFF-FC1218E486B7}.Debug|x64.Build.0 = Debug|x64
		{271C0E39-3BB6-43EE-BBFF-FC1218E486B7}.Debug|x86.ActiveCfg = Debug|Win32
		{271C0E39-3BB6-43EE-BBFF-FC1218E486B7}.Debug|x86.Build.0 = Debug|Win32
		{271C0E39-3BB6-43EE-BBFF-FC1218E486B7}.Release|x64.ActiveCfg = Release|x64
		{271C0E39-3BB6-43EE-BBFF-FC1218E486B7}.Release|x64.Build.0 = Release|x64
		{271C0E39-3BB6-43EE-BBFF-FC1218E486B7}.Release|x86.ActiveCfg = Release|Win32
		{271C0E39-3BB6-43EE-BBFF-FC1218E486B7}.Release|x86.Build.0 = Release|Win32
		{7309273F-4763-4264-89B0-BAE989CC524D}.Debug|x64.ActiveCfg = Debug|x64
		{7309273F-4763-4264-89B0-BAE989CC524D}.Debug|x64.Build.0 = Debug|x64
		{7309273F-4763-4264-89B0-BAE989CC524D}.Debug|x86.ActiveCfg = Debug|Win32
		{7309273F-4763-4264-89B0-BAE989CC524D}.Debug|x86.Build.0 = Debug|Win32
		{7309273F-4763-4264-89B0-BAE989CC524D}.Release|x64.ActiveCfg = Release|x64
		{7309273F-4763-4264-89B0-BAE989CC524D}.Release|x64.Build.0 = Release|x64
		{7309273F-4763-4264-89B0-BAE989CC524D}.Release|x86.ActiveCfg = Release|Win32
		{7309273F-4763-4264-89B0-BAE989CC524D}.Release|x86.Build.0 = Release|Win32
		{2C4544E5-48A3-403A-82D7-5BF4F095297D}.Debug|x64.ActiveCfg = Debug|x64
		{2C4544E5-48A3-403A-82D7-5BF4F095297D}.Debug|x64.Build.0 = Debug|x64
		{2C4544E5-48A3-403A-82D7-5BF4F095297D}.Debug|x86.ActiveCfg = Debug|Win32
		{2C4544E5-48A3-403A-82D7-5BF4F095297D}.Debug|x86.Build.0 = Debug|Win32
		{2C4544E5-48A3-403A-82D7-5BF4F095297D}.Release|x64.ActiveCfg = Release|x64
		{2C4544E5-48A3-403A-82D7-5BF4F095297D}.Release|x64.Build.0 = Release|x64
		{2C4544E5-48A3-403A-82D7-5BF4F095297D}.Release|x86.ActiveCfg = Release|Win32
		{2C4544E5-48A3-403A-82D7-5BF4F095297D}.Release|x86.Build.0 = Release|Win32
		{2B1120FE-507B-46CE-B008-48ACFA95A4B9}.Debug|x64.ActiveCfg = Debug|x64
		{2B1120FE-507B-46CE-B008-48ACFA95A4B9}.Debug|x64.Build.0 = Debug|x64
		{2B1120FE-507B-46CE-B008-48ACFA95A4B9}.Debug|x86.ActiveCfg = Debug|Win32
		{2B1120FE-507B-46CE-B008-48ACFA95A4B9}.Debug|x86.Build.0 = Debug|Win32
		{2B1120FE-507B-46CE-B008-48ACFA95A4B9}.Release|x64.ActiveCfg = Release|x64
		{2B1120FE-507B-46CE-B008-48ACFA95A4B9}.Release|x64.Build.0 = Release|x64
		{2B1120FE-507B-46CE-B008-48ACFA95A4B9}.Release|x86.ActiveCfg = Release|Win32
		{2B1120FE-507B-46CE-B008-48ACFA95A4B9}.Release|x86.Build.0 = Release|Win32
		{03244F94-0D9B-4B86-B52C-E6EC6B866F1B}.Debug|x64.ActiveCfg = Debug|x64
		{03244F94-0D9B-4B86-B52C-E6EC6B866F1B}.Debug|x64.Build.0 = Debug|x64
		{03244F94-0D9B-4B86-B52C-E6EC6B866F1B}.Debug|x86.ActiveCfg = Debug|Win32
		{03244F94-0D9B-4B86-B52C-E6EC6B866F1B}.Debug|x86.Build.0 = Debug|Win32
		{03244F94-0D9B-4B86-B52C-E6EC6B866F1B}.Release|x64.ActiveCfg = Release|x64
		{03244F94-0D9B-4B86-B52C-E6EC6B866F1B}.Release|x64.Build.0 = Release|x64
		{03244F94-0D9B-4B86-B52C-E6EC6B866F1B}.Release|x86.ActiveCfg = Release|Win32
		{03244F94-0D9B-4B86-B52C-E6EC6B866F1B}.Release|x86.Build.0 = Release|Win32
	EndGlobalSection
	GlobalSection(SolutionProperties) = preSolution
		HideSolutionNode = FALSE
	EndGlobalSection
EndGlobal
